{
    "_readme": [
        "This file locks the dependencies of your project to a known state",
        "Read more about it at https://getcomposer.org/doc/01-basic-usage.md#installing-dependencies",
        "This file is @generated automatically"
    ],
    "content-hash": "2ac2018d9533d0ff877867181e1c12f8",
    "packages": [
        {
            "name": "delight-im/cookie",
            "version": "v3.4.0",
            "source": {
                "type": "git",
                "url": "https://github.com/delight-im/PHP-Cookie.git",
                "reference": "67065d34272377d63bab0bd58f984f9b228c803f"
            },
            "dist": {
                "type": "zip",
                "url": "https://api.github.com/repos/delight-im/PHP-Cookie/zipball/67065d34272377d63bab0bd58f984f9b228c803f",
                "reference": "67065d34272377d63bab0bd58f984f9b228c803f",
                "shasum": ""
            },
            "require": {
                "delight-im/http": "^2.0",
                "php": ">=5.4.0"
            },
            "type": "library",
            "autoload": {
                "psr-4": {
                    "Delight\\Cookie\\": "src/"
                }
            },
            "notification-url": "https://packagist.org/downloads/",
            "license": [
                "MIT"
            ],
            "description": "Modern cookie management for PHP",
            "homepage": "https://github.com/delight-im/PHP-Cookie",
            "keywords": [
                "cookie",
                "cookies",
                "csrf",
                "http",
                "same-site",
                "samesite",
                "xss"
            ],
            "support": {
                "issues": "https://github.com/delight-im/PHP-Cookie/issues",
                "source": "https://github.com/delight-im/PHP-Cookie/tree/v3.4.0"
            },
            "time": "2020-04-16T11:01:26+00:00"
        },
        {
            "name": "delight-im/http",
            "version": "v2.0.0",
            "source": {
                "type": "git",
                "url": "https://github.com/delight-im/PHP-HTTP.git",
                "reference": "0a19a72a7eac8b1301aa972fb20cff494ac43e09"
            },
            "dist": {
                "type": "zip",
                "url": "https://api.github.com/repos/delight-im/PHP-HTTP/zipball/0a19a72a7eac8b1301aa972fb20cff494ac43e09",
                "reference": "0a19a72a7eac8b1301aa972fb20cff494ac43e09",
                "shasum": ""
            },
            "require": {
                "php": ">=5.3.0"
            },
            "type": "library",
            "autoload": {
                "psr-4": {
                    "Delight\\Http\\": "src/"
                }
            },
            "notification-url": "https://packagist.org/downloads/",
            "license": [
                "MIT"
            ],
            "description": "Hypertext Transfer Protocol (HTTP) utilities for PHP",
            "homepage": "https://github.com/delight-im/PHP-HTTP",
            "keywords": [
                "headers",
                "http",
                "https"
            ],
            "support": {
                "issues": "https://github.com/delight-im/PHP-HTTP/issues",
                "source": "https://github.com/delight-im/PHP-HTTP/tree/v2.0.0"
            },
            "time": "2016-07-21T15:05:01+00:00"
        },
        {
            "name": "nimbly/capsule",
            "version": "1.1",
            "source": {
                "type": "git",
                "url": "https://github.com/nimbly/Capsule.git",
                "reference": "9612c4c672867e16321d4b07dee643a43eea78a4"
            },
            "dist": {
                "type": "zip",
                "url": "https://api.github.com/repos/nimbly/Capsule/zipball/9612c4c672867e16321d4b07dee643a43eea78a4",
                "reference": "9612c4c672867e16321d4b07dee643a43eea78a4",
                "shasum": ""
            },
            "require": {
                "php": ">=7.3|^8.0",
                "psr/http-factory": "^1.0",
                "psr/http-message": "^1.0"
            },
            "require-dev": {
                "php-coveralls/php-coveralls": "^2.4",
                "phpunit/phpunit": "^9.0",
                "symfony/var-dumper": "^4.3",
                "vimeo/psalm": "^4.0"
            },
            "type": "library",
            "autoload": {
                "psr-4": {
                    "Capsule\\": "src/"
                }
            },
            "notification-url": "https://packagist.org/downloads/",
            "license": [
                "MIT"
            ],
            "authors": [
                {
                    "name": "Brent Scheffler",
                    "email": "brent@brentscheffler.com"
                }
            ],
            "description": "Capsule is a simple PSR-7 HTTP message and PSR-17 HTTP factory implementation.",
            "support": {
                "issues": "https://github.com/nimbly/Capsule/issues",
                "source": "https://github.com/nimbly/Capsule/tree/1.1"
            },
            "time": "2021-01-03T18:58:32+00:00"
        },
        {
            "name": "nimbly/shuttle",
            "version": "0.4",
            "source": {
                "type": "git",
                "url": "https://github.com/nimbly/Shuttle.git",
                "reference": "b3f36e398608922e0590c2954f14b5fa5fec01ba"
            },
            "dist": {
                "type": "zip",
                "url": "https://api.github.com/repos/nimbly/Shuttle/zipball/b3f36e398608922e0590c2954f14b5fa5fec01ba",
                "reference": "b3f36e398608922e0590c2954f14b5fa5fec01ba",
                "shasum": ""
            },
            "require": {
                "ext-json": "*",
                "nimbly/capsule": "^1.0",
                "php": ">=7.2",
                "psr/http-client": "^1.0"
            },
            "require-dev": {
                "php-coveralls/php-coveralls": "^2.1",
                "phpunit/phpunit": "^8.0",
                "symfony/var-dumper": "^4.2",
                "vimeo/psalm": "^3.0"
            },
            "suggest": {
                "ext-curl": "Use cURL library to make HTTP calls."
            },
            "type": "library",
            "autoload": {
                "psr-4": {
                    "Shuttle\\": "src/"
                },
                "files": [
                    "src/functions.php"
                ]
            },
            "notification-url": "https://packagist.org/downloads/",
            "license": [
                "MIT"
            ],
            "authors": [
                {
                    "name": "Brent Scheffler",
                    "email": "brent@nimbly.io"
                }
            ],
            "description": "Simple PSR-18 HTTP client.",
            "keywords": [
                "client",
                "curl",
                "http",
                "http client",
                "psr-18",
                "stream context"
            ],
            "support": {
                "issues": "https://github.com/nimbly/Shuttle/issues",
                "source": "https://github.com/nimbly/Shuttle/tree/master"
            },
            "time": "2020-03-15T23:50:44+00:00"
        },
        {
            "name": "psr/http-client",
            "version": "1.0.1",
            "source": {
                "type": "git",
                "url": "https://github.com/php-fig/http-client.git",
                "reference": "2dfb5f6c5eff0e91e20e913f8c5452ed95b86621"
            },
            "dist": {
                "type": "zip",
                "url": "https://api.github.com/repos/php-fig/http-client/zipball/2dfb5f6c5eff0e91e20e913f8c5452ed95b86621",
                "reference": "2dfb5f6c5eff0e91e20e913f8c5452ed95b86621",
                "shasum": ""
            },
            "require": {
                "php": "^7.0 || ^8.0",
                "psr/http-message": "^1.0"
            },
            "type": "library",
            "extra": {
                "branch-alias": {
                    "dev-master": "1.0.x-dev"
                }
            },
            "autoload": {
                "psr-4": {
                    "Psr\\Http\\Client\\": "src/"
                }
            },
            "notification-url": "https://packagist.org/downloads/",
            "license": [
                "MIT"
            ],
            "authors": [
                {
                    "name": "PHP-FIG",
                    "homepage": "http://www.php-fig.org/"
                }
            ],
            "description": "Common interface for HTTP clients",
            "homepage": "https://github.com/php-fig/http-client",
            "keywords": [
                "http",
                "http-client",
                "psr",
                "psr-18"
            ],
            "support": {
                "source": "https://github.com/php-fig/http-client/tree/master"
            },
            "time": "2020-06-29T06:28:15+00:00"
        },
        {
            "name": "psr/http-factory",
            "version": "1.0.1",
            "source": {
                "type": "git",
                "url": "https://github.com/php-fig/http-factory.git",
                "reference": "12ac7fcd07e5b077433f5f2bee95b3a771bf61be"
            },
            "dist": {
                "type": "zip",
                "url": "https://api.github.com/repos/php-fig/http-factory/zipball/12ac7fcd07e5b077433f5f2bee95b3a771bf61be",
                "reference": "12ac7fcd07e5b077433f5f2bee95b3a771bf61be",
                "shasum": ""
            },
            "require": {
                "php": ">=7.0.0",
                "psr/http-message": "^1.0"
            },
            "type": "library",
            "extra": {
                "branch-alias": {
                    "dev-master": "1.0.x-dev"
                }
            },
            "autoload": {
                "psr-4": {
                    "Psr\\Http\\Message\\": "src/"
                }
            },
            "notification-url": "https://packagist.org/downloads/",
            "license": [
                "MIT"
            ],
            "authors": [
                {
                    "name": "PHP-FIG",
                    "homepage": "http://www.php-fig.org/"
                }
            ],
            "description": "Common interfaces for PSR-7 HTTP message factories",
            "keywords": [
                "factory",
                "http",
                "message",
                "psr",
                "psr-17",
                "psr-7",
                "request",
                "response"
            ],
            "support": {
                "source": "https://github.com/php-fig/http-factory/tree/master"
            },
            "time": "2019-04-30T12:38:16+00:00"
        },
        {
            "name": "psr/http-message",
            "version": "1.0.1",
            "source": {
                "type": "git",
                "url": "https://github.com/php-fig/http-message.git",
                "reference": "f6561bf28d520154e4b0ec72be95418abe6d9363"
            },
            "dist": {
                "type": "zip",
                "url": "https://api.github.com/repos/php-fig/http-message/zipball/f6561bf28d520154e4b0ec72be95418abe6d9363",
                "reference": "f6561bf28d520154e4b0ec72be95418abe6d9363",
                "shasum": ""
            },
            "require": {
                "php": ">=5.3.0"
            },
            "type": "library",
            "extra": {
                "branch-alias": {
                    "dev-master": "1.0.x-dev"
                }
            },
            "autoload": {
                "psr-4": {
                    "Psr\\Http\\Message\\": "src/"
                }
            },
            "notification-url": "https://packagist.org/downloads/",
            "license": [
                "MIT"
            ],
            "authors": [
                {
                    "name": "PHP-FIG",
                    "homepage": "http://www.php-fig.org/"
                }
            ],
            "description": "Common interface for HTTP messages",
            "homepage": "https://github.com/php-fig/http-message",
            "keywords": [
                "http",
                "http-message",
                "psr",
                "psr-7",
                "request",
                "response"
            ],
            "support": {
                "source": "https://github.com/php-fig/http-message/tree/master"
            },
            "time": "2016-08-06T14:39:51+00:00"
        },
        {
            "name": "tomorrow-ideas/plaid-sdk-php",
            "version": "1.0.2",
            "source": {
                "type": "git",
                "url": "https://github.com/TomorrowIdeas/plaid-sdk-php.git",
                "reference": "85e01da31de75a3a959432d8b191bd5026e71bb6"
            },
            "dist": {
                "type": "zip",
                "url": "https://api.github.com/repos/TomorrowIdeas/plaid-sdk-php/zipball/85e01da31de75a3a959432d8b191bd5026e71bb6",
                "reference": "85e01da31de75a3a959432d8b191bd5026e71bb6",
                "shasum": ""
            },
            "require": {
                "ext-curl": "*",
                "ext-json": "*",
                "nimbly/shuttle": "^0.4",
                "php": ">=7.3|^8.0"
            },
            "require-dev": {
                "php-coveralls/php-coveralls": "^2.1",
                "phpunit/phpunit": "^9.0",
                "symfony/var-dumper": "^4.2",
                "vimeo/psalm": "^4.0"
            },
            "type": "library",
            "autoload": {
                "psr-4": {
                    "TomorrowIdeas\\Plaid\\": "src"
                }
            },
            "notification-url": "https://packagist.org/downloads/",
            "license": [
                "MIT"
            ],
            "authors": [
                {
                    "name": "Brent Scheffler",
                    "email": "brent@tomorrow.me"
                }
            ],
            "description": "PHP implementation of Plaid's API as an SDK.",
            "keywords": [
                "php",
                "plaid",
                "sdk"
            ],
            "support": {
                "issues": "https://github.com/TomorrowIdeas/plaid-sdk-php/issues",
                "source": "https://github.com/TomorrowIdeas/plaid-sdk-php/tree/1.0.2"
            },
            "time": "2021-01-29T15:27:29+00:00"
        }
    ],
    "packages-dev": [],
    "aliases": [],
    "minimum-stability": "stable",
    "stability-flags": [],
    "prefer-stable": false,
    "prefer-lowest": false,
    "platform": [],
    "platform-dev": [],
    "plugin-api-version": "2.0.0"
}
